
Microsoft Visual Studio Solution File, Format Version 12.00
# Visual Studio Version 17
VisualStudioVersion = 17.14.36109.1
MinimumVisualStudioVersion = 10.0.40219.1
Project("{54A90642-561A-4BB1-A94E-469ADEE60C69}") = "mj_calculadora.client", "mj_calculadora.client\mj_calculadora.client.esproj", "{1303974D-C239-BC68-4F6B-C84E03A92F50}"
EndProject
Project("{FAE04EC0-301F-11D3-BF4B-00C04F79EFBC}") = "MJ_Calculadora.Server", "MJ_Calculadora.Server\MJ_Calculadora.Server.csproj", "{BD7D5D75-FCA3-4506-BE77-604A19962CE3}"
EndProject
Project("{FAE04EC0-301F-11D3-BF4B-00C04F79EFBC}") = "BL", "BL\BL.csproj", "{82D48822-7C67-4100-9467-38E7B5F28F78}"
EndProject
Project("{FAE04EC0-301F-11D3-BF4B-00C04F79EFBC}") = "ML", "ML\ML.csproj", "{A2C8AF72-E36C-494A-B70A-7D8127A37CD9}"
EndProject
Project("{FAE04EC0-301F-11D3-BF4B-00C04F79EFBC}") = "DL", "DL\DL.csproj", "{B7B994F7-44A3-4215-8CFB-B1384E7D126D}"
EndProject
Global
	GlobalSection(SolutionConfigurationPlatforms) = preSolution
		Debug|Any CPU = Debug|Any CPU
		Release|Any CPU = Release|Any CPU
	EndGlobalSection
	GlobalSection(ProjectConfigurationPlatforms) = postSolution
		{1303974D-C239-BC68-4F6B-C84E03A92F50}.Debug|Any CPU.ActiveCfg = Debug|Any CPU
		{1303974D-C239-BC68-4F6B-C84E03A92F50}.Debug|Any CPU.Build.0 = Debug|Any CPU
		{1303974D-C239-BC68-4F6B-C84E03A92F50}.Debug|Any CPU.Deploy.0 = Debug|Any CPU
		{1303974D-C239-BC68-4F6B-C84E03A92F50}.Release|Any CPU.ActiveCfg = Release|Any CPU
		{1303974D-C239-BC68-4F6B-C84E03A92F50}.Release|Any CPU.Build.0 = Release|Any CPU
		{1303974D-C239-BC68-4F6B-C84E03A92F50}.Release|Any CPU.Deploy.0 = Release|Any CPU
		{BD7D5D75-FCA3-4506-BE77-604A19962CE3}.Debug|Any CPU.ActiveCfg = Debug|Any CPU
		{BD7D5D75-FCA3-4506-BE77-604A19962CE3}.Debug|Any CPU.Build.0 = Debug|Any CPU
		{BD7D5D75-FCA3-4506-BE77-604A19962CE3}.Release|Any CPU.ActiveCfg = Release|Any CPU
		{BD7D5D75-FCA3-4506-BE77-604A19962CE3}.Release|Any CPU.Build.0 = Release|Any CPU
		{82D48822-7C67-4100-9467-38E7B5F28F78}.Debug|Any CPU.ActiveCfg = Debug|Any CPU
		{82D48822-7C67-4100-9467-38E7B5F28F78}.Debug|Any CPU.Build.0 = Debug|Any CPU
		{82D48822-7C67-4100-9467-38E7B5F28F78}.Release|Any CPU.ActiveCfg = Release|Any CPU
		{82D48822-7C67-4100-9467-38E7B5F28F78}.Release|Any CPU.Build.0 = Release|Any CPU
		{A2C8AF72-E36C-494A-B70A-7D8127A37CD9}.Debug|Any CPU.ActiveCfg = Debug|Any CPU
		{A2C8AF72-E36C-494A-B70A-7D8127A37CD9}.Debug|Any CPU.Build.0 = Debug|Any CPU
		{A2C8AF72-E36C-494A-B70A-7D8127A37CD9}.Release|Any CPU.ActiveCfg = Release|Any CPU
		{A2C8AF72-E36C-494A-B70A-7D8127A37CD9}.Release|Any CPU.Build.0 = Release|Any CPU
		{B7B994F7-44A3-4215-8CFB-B1384E7D126D}.Debug|Any CPU.ActiveCfg = Debug|Any CPU
		{B7B994F7-44A3-4215-8CFB-B1384E7D126D}.Debug|Any CPU.Build.0 = Debug|Any CPU
		{B7B994F7-44A3-4215-8CFB-B1384E7D126D}.Release|Any CPU.ActiveCfg = Release|Any CPU
		{B7B994F7-44A3-4215-8CFB-B1384E7D126D}.Release|Any CPU.Build.0 = Release|Any CPU
	EndGlobalSection
	GlobalSection(SolutionProperties) = preSolution
		HideSolutionNode = FALSE
	EndGlobalSection
	GlobalSection(ExtensibilityGlobals) = postSolution
		SolutionGuid = {90C19BC2-15D4-4FBA-92D1-F3F8C626AC6D}
	EndGlobalSection
EndGlobal
